
Microsoft Visual Studio Solution File, Format Version 12.00
# Visual Studio Version 18
VisualStudioVersion = 18.1.11312.151 d18.0
MinimumVisualStudioVersion = 10.0.40219.1
Project("{8BC9CEB8-8B4A-11D0-8D11-00A0C91BC942}") = "Launcher", "Launcher\Launcher.vcxproj", "{C8B11247-AD69-495F-B699-31A31747E2A8}"
EndProject
Project("{8BC9CEB8-8B4A-11D0-8D11-00A0C91BC942}") = "Mod", "Mod\Mod.vcxproj", "{9ED8B15E-16C0-4115-B3D0-E0DBA450FCE5}"
EndProject
Project("{8BC9CEB8-8B4A-11D0-8D11-00A0C91BC942}") = "Proxy", "Proxy\Proxy.vcxproj", "{4840BEE3-F9E3-4821-9336-BF0CE8B83C2F}"
EndProject
Project("{8BC9CEB8-8B4A-11D0-8D11-00A0C91BC942}") = "UE4SSBridge", "UE4SSBridge\UE4SSBridge.vcxproj", "{6D2FA4DB-207B-4416-8EB9-E94C68835201}"
EndProject
Global
	GlobalSection(SolutionConfigurationPlatforms) = preSolution
		Debug|x64 = Debug|x64
		Release|x64 = Release|x64
		Release Experimental|x64 = Release Experimental|x64
	EndGlobalSection
	GlobalSection(ProjectConfigurationPlatforms) = postSolution
		{C8B11247-AD69-495F-B699-31A31747E2A8}.Debug|x64.ActiveCfg = Debug|x64
		{C8B11247-AD69-495F-B699-31A31747E2A8}.Debug|x64.Build.0 = Debug|x64
		{C8B11247-AD69-495F-B699-31A31747E2A8}.Release|x64.ActiveCfg = Release|x64
		{C8B11247-AD69-495F-B699-31A31747E2A8}.Release|x64.Build.0 = Release|x64
		{C8B11247-AD69-495F-B699-31A31747E2A8}.Release Experimental|x64.ActiveCfg = Release Experimental|x64
		{C8B11247-AD69-495F-B699-31A31747E2A8}.Release Experimental|x64.Build.0 = Release Experimental|x64
		{9ED8B15E-16C0-4115-B3D0-E0DBA450FCE5}.Debug|x64.ActiveCfg = Debug|x64
		{9ED8B15E-16C0-4115-B3D0-E0DBA450FCE5}.Debug|x64.Build.0 = Debug|x64
		{9ED8B15E-16C0-4115-B3D0-E0DBA450FCE5}.Release|x64.ActiveCfg = Release|x64
		{9ED8B15E-16C0-4115-B3D0-E0DBA450FCE5}.Release|x64.Build.0 = Release|x64
		{9ED8B15E-16C0-4115-B3D0-E0DBA450FCE5}.Release Experimental|x64.ActiveCfg = Release Experimental|x64
		{9ED8B15E-16C0-4115-B3D0-E0DBA450FCE5}.Release Experimental|x64.Build.0 = Release Experimental|x64
		{4840BEE3-F9E3-4821-9336-BF0CE8B83C2F}.Debug|x64.ActiveCfg = Debug|x64
		{4840BEE3-F9E3-4821-9336-BF0CE8B83C2F}.Debug|x64.Build.0 = Debug|x64
		{4840BEE3-F9E3-4821-9336-BF0CE8B83C2F}.Release|x64.ActiveCfg = Release|x64
		{4840BEE3-F9E3-4821-9336-BF0CE8B83C2F}.Release|x64.Build.0 = Release|x64
		{4840BEE3-F9E3-4821-9336-BF0CE8B83C2F}.Release Experimental|x64.ActiveCfg = Release|x64
		{4840BEE3-F9E3-4821-9336-BF0CE8B83C2F}.Release Experimental|x64.Build.0 = Release|x64
		{6D2FA4DB-207B-4416-8EB9-E94C68835201}.Debug|x64.ActiveCfg = Debug|x64
		{6D2FA4DB-207B-4416-8EB9-E94C68835201}.Debug|x64.Build.0 = Debug|x64
		{6D2FA4DB-207B-4416-8EB9-E94C68835201}.Release|x64.ActiveCfg = Release|x64
		{6D2FA4DB-207B-4416-8EB9-E94C68835201}.Release|x64.Build.0 = Release|x64
		{6D2FA4DB-207B-4416-8EB9-E94C68835201}.Release Experimental|x64.ActiveCfg = Release|x64
		{6D2FA4DB-207B-4416-8EB9-E94C68835201}.Release Experimental|x64.Build.0 = Release|x64
	EndGlobalSection
	GlobalSection(SolutionProperties) = preSolution
		HideSolutionNode = FALSE
	EndGlobalSection
	GlobalSection(ExtensibilityGlobals) = postSolution
		SolutionGuid = {1472DD9E-35B1-4229-BC83-237E1ABCAE69}
	EndGlobalSection
EndGlobal
