<?xml version="1.0" encoding="utf-8"?>
<Project ToolsVersion="4.0" xmlns="http://schemas.microsoft.com/developer/msbuild/2003">
  <ItemGroup>
    <Filter Include="Header Files">
      <UniqueIdentifier>{93995380-89BD-4b04-88EB-625FBE52EBFB}</UniqueIdentifier>
      <Extensions>h;hh;hpp;hxx;h++;hm;inl;inc;ipp;xsd</Extensions>
    </Filter>
    <Filter Include="Source Files">
      <UniqueIdentifier>{4FC737F1-C7A5-4376-A066-2A32D752A2FF}</UniqueIdentifier>
      <Extensions>cpp;c;cc;cxx;c++;cppm;ixx;def;odl;idl;hpj;bat;asm;asmx</Extensions>
    </Filter>
    <Filter Include="SDK">
      <UniqueIdentifier>{f71a16ab-92e9-4761-8767-475a73c56d57}</UniqueIdentifier>
    </Filter>
    <Filter Include="GUI">
      <UniqueIdentifier>{e0c6c992-1a4d-481c-8945-d9ede1364c8b}</UniqueIdentifier>
    </Filter>
    <Filter Include="Sections">
      <UniqueIdentifier>{4ed9f3c7-3301-4ffd-b8a9-e2d62f3437ce}</UniqueIdentifier>
    </Filter>
    <Filter Include="ImGui">
      <UniqueIdentifier>{599e38d0-57ad-4975-9664-5d8a6a2d4a73}</UniqueIdentifier>
    </Filter>
    <Filter Include="Sections\Gameplay">
      <UniqueIdentifier>{65d21439-0f61-47f6-b909-6bc9a7bf7170}</UniqueIdentifier>
    </Filter>
    <Filter Include="Sections\Entity Spawner">
      <UniqueIdentifier>{c3386a45-c87f-45d1-b600-efa2291b0a1f}</UniqueIdentifier>
    </Filter>
    <Filter Include="Sections\Settings">
      <UniqueIdentifier>{6d8edfdd-95fa-49d1-9b64-f21552501a48}</UniqueIdentifier>
    </Filter>
    <Filter Include="Sections\Post Process">
      <UniqueIdentifier>{9a8b7c6d-5e4f-3201-b5a6-c7d8e9f01234}</UniqueIdentifier>
    </Filter>
    <Filter Include="Sections\Loadout Manager">
      <UniqueIdentifier>{8a9b0c1d-2e3f-4567-8901-23456789abcd}</UniqueIdentifier>
    </Filter>
    <Filter Include="Resources">
      <UniqueIdentifier>{33cde545-1a54-4930-a8be-77b978337349}</UniqueIdentifier>
    </Filter>
    <Filter Include="Utils">
      <UniqueIdentifier>{a1b2c3d4-e5f6-7890-a1b2-c3d4e5f67890}</UniqueIdentifier>
    </Filter>
  </ItemGroup>
  <ItemGroup>
    <ClCompile Include="src\DllMain.cpp">
      <Filter>Source Files</Filter>
    </ClCompile>
    <ClCompile Include="src\DirectXHook.cpp">
      <Filter>Source Files</Filter>
    </ClCompile>
    <ClCompile Include="src\GameHook.cpp">
      <Filter>Source Files</Filter>
    </ClCompile>
    <ClCompile Include="src\Renderer.cpp">
      <Filter>Source Files</Filter>
    </ClCompile>
    <ClCompile Include="SDK\SDK\Basic.cpp">
      <Filter>SDK</Filter>
    </ClCompile>
    <ClCompile Include="SDK\SDK\CoreUObject_functions.cpp">
      <Filter>SDK</Filter>
    </ClCompile>
    <ClCompile Include="src\Gui.cpp">
      <Filter>GUI</Filter>
    </ClCompile>
    <ClCompile Include="SDK\SDK\Engine_functions.cpp">
      <Filter>SDK</Filter>
    </ClCompile>
    <ClCompile Include="SDK\SDK\Willie_BP_functions.cpp">
      <Filter>SDK</Filter>
    </ClCompile>
    <ClCompile Include="src\MenuFunction.cpp">
      <Filter>Source Files</Filter>
    </ClCompile>
    <ClCompile Include="ext\imgui\imgui.cpp">
      <Filter>ImGui</Filter>
    </ClCompile>
    <ClCompile Include="ext\imgui\imgui_draw.cpp">
      <Filter>ImGui</Filter>
    </ClCompile>
    <ClCompile Include="ext\imgui\backends\imgui_impl_dx11.cpp">
      <Filter>ImGui</Filter>
    </ClCompile>
    <ClCompile Include="ext\imgui\backends\imgui_impl_win32.cpp">
      <Filter>ImGui</Filter>
    </ClCompile>
    <ClCompile Include="ext\imgui\imgui_tables.cpp">
      <Filter>ImGui</Filter>
    </ClCompile>
    <ClCompile Include="ext\imgui\imgui_widgets.cpp">
      <Filter>ImGui</Filter>
    </ClCompile>
    <ClCompile Include="src\ComponentValidator.cpp">
      <Filter>Source Files</Filter>
    </ClCompile>
    <ClCompile Include="src\ConfigManager.cpp">
      <Filter>Source Files</Filter>
    </ClCompile>
    <ClCompile Include="src\Globals.cpp">
      <Filter>Source Files</Filter>
    </ClCompile>
    <ClCompile Include="src\IMenuFunction.cpp">
      <Filter>Source Files</Filter>
    </ClCompile>
    <ClCompile Include="src\KeybindManager.cpp">
      <Filter>Source Files</Filter>
    </ClCompile>
    <ClCompile Include="src\Spawner.cpp">
      <Filter>Source Files</Filter>
    </ClCompile>
    <ClCompile Include="src\EquipmentGenerator.cpp">
      <Filter>Source Files</Filter>
    </ClCompile>
    <ClCompile Include="src\GameBuildInfo.cpp">
      <Filter>Source Files</Filter>
    </ClCompile>
    <ClCompile Include="src\BlueprintRegistry.cpp">
      <Filter>Source Files</Filter>
    </ClCompile>
    <ClCompile Include="SDK\SDK\AssetRegistry_functions.cpp">
      <Filter>Source Files</Filter>
    </ClCompile>
    <ClCompile Include="SDK\SDK\AI_BP_functions.cpp">
      <Filter>Source Files</Filter>
    </ClCompile>
    <ClCompile Include="SDK\SDK\AIModule_functions.cpp">
      <Filter>Source Files</Filter>
    </ClCompile>
    <ClCompile Include="src\DefaultStyle.cpp">
      <Filter>Source Files</Filter>
    </ClCompile>
    <ClCompile Include="src\MemoryUtils.cpp">
      <Filter>Source Files</Filter>
    </ClCompile>
    <ClCompile Include="src\DefaultStyle.cpp">
      <Filter>Source Files</Filter>
    </ClCompile>
    <ClCompile Include="src\NotificationManager.cpp">
      <Filter>Source Files</Filter>
    </ClCompile>
    <ClCompile Include="SDK\SDK\ModularWeaponBP_functions.cpp">
      <Filter>Source Files</Filter>
    </ClCompile>
    <ClCompile Include="SDK\SDK\BP_Generator_Armor_Random_functions.cpp">
      <Filter>SDK</Filter>
    </ClCompile>
    <ClCompile Include="SDK\SDK\BP_Generator_Characters_Random_functions.cpp">
      <Filter>SDK</Filter>
    </ClCompile>
    <ClCompile Include="SDK\SDK\BP_Armor_Master_functions.cpp">
      <Filter>Source Files</Filter>
    </ClCompile>
    <ClCompile Include="SDK\SDK\GI_Settings_functions.cpp">
      <Filter>Source Files</Filter>
    </ClCompile>
    <ClCompile Include="SDK\SDK\SG_PlayerProgression_functions.cpp">
      <Filter>Source Files</Filter>
    </ClCompile>
    <ClCompile Include="SDK\SDK\Niagara_functions.cpp">
      <Filter>Source Files</Filter>
    </ClCompile>
    <ClCompile Include="SDK\SDK\BP_Generator_Weapons_Random_functions.cpp">
      <Filter>Source Files</Filter>
    </ClCompile>
  </ItemGroup>
  <ItemGroup>
    <ClInclude Include="include\Hooks\DirectXHook.h">
      <Filter>Header Files</Filter>
    </ClInclude>
    <ClInclude Include="include\Hooks\GameHook.h">
      <Filter>Header Files</Filter>
    </ClInclude>
    <ClInclude Include="include\Menu\ICollapsibleSection.h">
      <Filter>Header Files</Filter>
    </ClInclude>
    <ClInclude Include="include\Menu\IMenuFunction.h">
      <Filter>Header Files</Filter>
    </ClInclude>
    <ClInclude Include="include\Menu\MenuManager.h">
      <Filter>Header Files</Filter>
    </ClInclude>
    <ClInclude Include="include\Render\ID3DRenderer.h">
      <Filter>Header Files</Filter>
    </ClInclude>
    <ClInclude Include="include\Render\IRenderCallback.h">
      <Filter>Header Files</Filter>
    </ClInclude>
    <ClInclude Include="include\Render\Renderer.h">
      <Filter>Header Files</Filter>
    </ClInclude>
    <ClInclude Include="include\Logger.h">
      <Filter>Header Files</Filter>
    </ClInclude>
    <ClInclude Include="include\MemoryUtils.h">
      <Filter>Header Files</Filter>
    </ClInclude>
    <ClInclude Include="include\Menu\Sections\Gameplay\WorldSection.h">
      <Filter>Sections\Gameplay</Filter>
    </ClInclude>
    <ClInclude Include="include\Gui.h">
      <Filter>GUI</Filter>
    </ClInclude>
    <ClInclude Include="include\ComponentValidator.h">
      <Filter>Header Files</Filter>
    </ClInclude>
    <ClInclude Include="include\ConfigManager.h">
      <Filter>Header Files</Filter>
    </ClInclude>
    <ClInclude Include="include\GlobalDefinitions.h">
      <Filter>Header Files</Filter>
    </ClInclude>
    <ClInclude Include="include\KeybindManager.h">
      <Filter>Header Files</Filter>
    </ClInclude>
    <ClInclude Include="include\Menu\Sections\Gameplay\PlayerSection.h">
      <Filter>Sections\Gameplay</Filter>
    </ClInclude>
    <ClInclude Include="include\Menu\Sections\Settings\GuiSection.h">
      <Filter>Sections\Settings</Filter>
    </ClInclude>
    <ClInclude Include="include\Utils\Spawner.h">
      <Filter>Header Files</Filter>
    </ClInclude>
    <ClInclude Include="include\Menu\Sections\Entity_Spawner\ItemSection.h">
      <Filter>Sections\Entity Spawner</Filter>
    </ClInclude>
    <ClInclude Include="include\Menu\Sections\Entity_Spawner\NPCEditorSection.h">
      <Filter>Sections\Entity Spawner</Filter>
    </ClInclude>
    <ClInclude Include="resource\resource.h">
      <Filter>Resources</Filter>
    </ClInclude>
    <ClInclude Include="include\Menu\Sections\Loadout_Manager\LoadoutManagerSection.h">
      <Filter>Sections\Loadout Manager</Filter>
    </ClInclude>
    <ClInclude Include="include\DefaultStyle.h">
      <Filter>Header Files</Filter>
    </ClInclude>
    <ClInclude Include="include\NotificationManager.h">
      <Filter>Header Files</Filter>
    </ClInclude>
    <ClInclude Include="include\Render\RenderConfig.h">
      <Filter>Header Files</Filter>
    </ClInclude>
    <ClInclude Include="include\Utils\GameConstants.h">
      <Filter>Utils</Filter>
    </ClInclude>
    <ClInclude Include="include\Utils\ActorUtils.h">
      <Filter>Utils</Filter>
    </ClInclude>
    <ClInclude Include="include\Utils\ConfigUtils.h">
      <Filter>Utils</Filter>
    </ClInclude>
    <ClInclude Include="include\Utils\GuiUtils.h">
      <Filter>Utils</Filter>
    </ClInclude>
    <ClInclude Include="include\Utils\CommonHeaders.h">
      <Filter>Utils</Filter>
    </ClInclude>
    <ClInclude Include="include\Utils\GameBuildInfo.h">
      <Filter>Utils</Filter>
    </ClInclude>
    <ClInclude Include="include\Menu\Sections\Settings\GraphicsSection.h">
      <Filter>Sections\Settings</Filter>
    </ClInclude>
    <ClInclude Include="include\Menu\SectionConfig.h">
      <Filter>Header Files</Filter>
    </ClInclude>
    <ClInclude Include="include\Menu\Sections\Entity_Spawner\WeaponEditorSection.h">
      <Filter>Header Files</Filter>
    </ClInclude>
    <ClInclude Include="include\Menu\Sections\Entity_Spawner\ArmorEditorSection.h">
      <Filter>Header Files</Filter>
    </ClInclude>
    <ClInclude Include="include\Utils\PresetUtils.h">
      <Filter>Utils</Filter>
    </ClInclude>
    <ClInclude Include="include\Utils\ArmorPresetSerializer.h">
      <Filter>Utils</Filter>
    </ClInclude>
    <ClInclude Include="include\Utils\NPCPresetSerializer.h">
      <Filter>Utils</Filter>
    </ClInclude>
    <ClInclude Include="include\Utils\BlueprintRegistry.h">
      <Filter>Utils</Filter>
    </ClInclude>
  </ItemGroup>
  <ItemGroup>
    <ResourceCompile Include="resource\Mod.rc">
      <Filter>Resources</Filter>
    </ResourceCompile>
  </ItemGroup>
</Project>